<?xml version="1.0" encoding="utf-8"?>
<Project ToolsVersion="4.0" xmlns="http://schemas.microsoft.com/developer/msbuild/2003">
  <ItemGroup>
    <Filter Include="Mirror">
      <UniqueIdentifier>{00C128C3-EC62-5399-D51D-67EDC15EDAE9}</UniqueIdentifier>
    </Filter>
    <Filter Include="Mirror\Events">
      <UniqueIdentifier>{f88e4f9c-efe0-41b0-a097-b76cf527844a}</UniqueIdentifier>
    </Filter>
  </ItemGroup>
  <ItemGroup>
    <ClInclude Include="src\Mirror.h" />
    <ClInclude Include="src\Mirror\Application.h">
      <Filter>Mirror</Filter>
    </ClInclude>
    <ClInclude Include="src\Mirror\Core.h">
      <Filter>Mirror</Filter>
    </ClInclude>
    <ClInclude Include="src\Mirror\EntryPoint.h">
      <Filter>Mirror</Filter>
    </ClInclude>
    <ClInclude Include="src\Mirror\Log.h">
      <Filter>Mirror</Filter>
    </ClInclude>
    <ClInclude Include="src\Events\ApplicationEvent.h">
      <Filter>Mirror\Events</Filter>
    </ClInclude>
    <ClInclude Include="src\Events\Event.h">
      <Filter>Mirror\Events</Filter>
    </ClInclude>
    <ClInclude Include="src\Events\KeyEvent.h">
      <Filter>Mirror\Events</Filter>
    </ClInclude>
    <ClInclude Include="src\Events\MouseEvent.h">
      <Filter>Mirror\Events</Filter>
    </ClInclude>
    <ClInclude Include="src\mrpch.h" />
  </ItemGroup>
  <ItemGroup>
    <ClCompile Include="src\Mirror\Application.cpp">
      <Filter>Mirror</Filter>
    </ClCompile>
    <ClCompile Include="src\Mirror\Log.cpp">
      <Filter>Mirror</Filter>
    </ClCompile>
    <ClCompile Include="src\mrpch.cpp" />
  </ItemGroup>
</Project>